
Microsoft Visual Studio Solution File, Format Version 12.00
# Visual Studio Version 16
VisualStudioVersion = 16.0.30523.141
MinimumVisualStudioVersion = 10.0.40219.1
Project("{FAE04EC0-301F-11D3-BF4B-00C04F79EFBC}") = "PoeBot", "PoeBot\PoeBot.csproj", "{4B8B532A-E93E-45AE-BD14-717CF7007025}"
EndProject
Project("{FAE04EC0-301F-11D3-BF4B-00C04F79EFBC}") = "PoeBot.Core", "PoeBot.Core\PoeBot.Core.csproj", "{3274839C-37D7-4597-AB4D-A06CCFAB3FC7}"
EndProject
Global
	GlobalSection(SolutionConfigurationPlatforms) = preSolution
		Debug|Any CPU = Debug|Any CPU
		Release|Any CPU = Release|Any CPU
	EndGlobalSection
	GlobalSection(ProjectConfigurationPlatforms) = postSolution
		{4B8B532A-E93E-45AE-BD14-717CF7007025}.Debug|Any CPU.ActiveCfg = Debug|Any CPU
		{4B8B532A-E93E-45AE-BD14-717CF7007025}.Debug|Any CPU.Build.0 = Debug|Any CPU
		{4B8B532A-E93E-45AE-BD14-717CF7007025}.Release|Any CPU.ActiveCfg = Release|Any CPU
		{4B8B532A-E93E-45AE-BD14-717CF7007025}.Release|Any CPU.Build.0 = Release|Any CPU
		{3274839C-37D7-4597-AB4D-A06CCFAB3FC7}.Debug|Any CPU.ActiveCfg = Debug|Any CPU
		{3274839C-37D7-4597-AB4D-A06CCFAB3FC7}.Debug|Any CPU.Build.0 = Debug|Any CPU
		{3274839C-37D7-4597-AB4D-A06CCFAB3FC7}.Release|Any CPU.ActiveCfg = Release|Any CPU
		{3274839C-37D7-4597-AB4D-A06CCFAB3FC7}.Release|Any CPU.Build.0 = Release|Any CPU
	EndGlobalSection
	GlobalSection(SolutionProperties) = preSolution
		HideSolutionNode = FALSE
	EndGlobalSection
	GlobalSection(ExtensibilityGlobals) = postSolution
		SolutionGuid = {A9F25E81-1812-4B5F-9B69-99A33091464C}
	EndGlobalSection
EndGlobal
